
Microsoft Visual Studio Solution File, Format Version 12.00
# Visual Studio Version 17
VisualStudioVersion = 17.8.34205.153
MinimumVisualStudioVersion = 10.0.40219.1
Project("{9A19103F-16F7-4668-BE54-9A1E7A4F7556}") = "Meeting.Application", "src\Meeting.Application\Meeting.Application.csproj", "{5AA484F6-F92E-42A7-A2DC-3E585909E582}"
EndProject
Project("{9A19103F-16F7-4668-BE54-9A1E7A4F7556}") = "Meeting.Domain", "src\Meeting.Domain\Meeting.Domain.csproj", "{CACE8F61-2F1C-490F-8A2A-5AC4113CA8CD}"
EndProject
Project("{9A19103F-16F7-4668-BE54-9A1E7A4F7556}") = "Meeting.Infrastructure", "src\Meeting.Infrastructure\Meeting.Infrastructure.csproj", "{24ECC99B-47B3-43BE-8869-C5691D5ACDC9}"
EndProject
Project("{9A19103F-16F7-4668-BE54-9A1E7A4F7556}") = "Meeting.Persistence", "src\Meeting.Persistence\Meeting.Persistence.csproj", "{C2B85984-8D79-4E3A-B1ED-F5F86A813B20}"
EndProject
Project("{9A19103F-16F7-4668-BE54-9A1E7A4F7556}") = "Meeting.Api", "src\Meeting.Api\Meeting.Api.csproj", "{6BF7A194-6591-4D21-9B39-0178531893EB}"
EndProject
Project("{2150E333-8FDC-42A3-9474-1A3956D46DE8}") = "src", "src", "{0DE452F9-A32A-44DF-A41E-27599EBBD9F6}"
EndProject
Project("{E53339B2-1760-4266-BCC7-CA923CBCF16C}") = "docker-compose", "docker-compose.dcproj", "{A7EA9E9B-4E32-4C18-84E0-6055CD52C5EA}"
EndProject
Global
	GlobalSection(SolutionConfigurationPlatforms) = preSolution
		Debug|Any CPU = Debug|Any CPU
		Release|Any CPU = Release|Any CPU
	EndGlobalSection
	GlobalSection(ProjectConfigurationPlatforms) = postSolution
		{5AA484F6-F92E-42A7-A2DC-3E585909E582}.Debug|Any CPU.ActiveCfg = Debug|Any CPU
		{5AA484F6-F92E-42A7-A2DC-3E585909E582}.Debug|Any CPU.Build.0 = Debug|Any CPU
		{5AA484F6-F92E-42A7-A2DC-3E585909E582}.Release|Any CPU.ActiveCfg = Release|Any CPU
		{5AA484F6-F92E-42A7-A2DC-3E585909E582}.Release|Any CPU.Build.0 = Release|Any CPU
		{CACE8F61-2F1C-490F-8A2A-5AC4113CA8CD}.Debug|Any CPU.ActiveCfg = Debug|Any CPU
		{CACE8F61-2F1C-490F-8A2A-5AC4113CA8CD}.Debug|Any CPU.Build.0 = Debug|Any CPU
		{CACE8F61-2F1C-490F-8A2A-5AC4113CA8CD}.Release|Any CPU.ActiveCfg = Release|Any CPU
		{CACE8F61-2F1C-490F-8A2A-5AC4113CA8CD}.Release|Any CPU.Build.0 = Release|Any CPU
		{24ECC99B-47B3-43BE-8869-C5691D5ACDC9}.Debug|Any CPU.ActiveCfg = Debug|Any CPU
		{24ECC99B-47B3-43BE-8869-C5691D5ACDC9}.Debug|Any CPU.Build.0 = Debug|Any CPU
		{24ECC99B-47B3-43BE-8869-C5691D5ACDC9}.Release|Any CPU.ActiveCfg = Release|Any CPU
		{24ECC99B-47B3-43BE-8869-C5691D5ACDC9}.Release|Any CPU.Build.0 = Release|Any CPU
		{C2B85984-8D79-4E3A-B1ED-F5F86A813B20}.Debug|Any CPU.ActiveCfg = Debug|Any CPU
		{C2B85984-8D79-4E3A-B1ED-F5F86A813B20}.Debug|Any CPU.Build.0 = Debug|Any CPU
		{C2B85984-8D79-4E3A-B1ED-F5F86A813B20}.Release|Any CPU.ActiveCfg = Release|Any CPU
		{C2B85984-8D79-4E3A-B1ED-F5F86A813B20}.Release|Any CPU.Build.0 = Release|Any CPU
		{6BF7A194-6591-4D21-9B39-0178531893EB}.Debug|Any CPU.ActiveCfg = Debug|Any CPU
		{6BF7A194-6591-4D21-9B39-0178531893EB}.Debug|Any CPU.Build.0 = Debug|Any CPU
		{6BF7A194-6591-4D21-9B39-0178531893EB}.Release|Any CPU.ActiveCfg = Release|Any CPU
		{6BF7A194-6591-4D21-9B39-0178531893EB}.Release|Any CPU.Build.0 = Release|Any CPU
		{A7EA9E9B-4E32-4C18-84E0-6055CD52C5EA}.Debug|Any CPU.ActiveCfg = Debug|Any CPU
		{A7EA9E9B-4E32-4C18-84E0-6055CD52C5EA}.Debug|Any CPU.Build.0 = Debug|Any CPU
		{A7EA9E9B-4E32-4C18-84E0-6055CD52C5EA}.Release|Any CPU.ActiveCfg = Release|Any CPU
		{A7EA9E9B-4E32-4C18-84E0-6055CD52C5EA}.Release|Any CPU.Build.0 = Release|Any CPU
	EndGlobalSection
	GlobalSection(SolutionProperties) = preSolution
		HideSolutionNode = FALSE
	EndGlobalSection
	GlobalSection(NestedProjects) = preSolution
		{5AA484F6-F92E-42A7-A2DC-3E585909E582} = {0DE452F9-A32A-44DF-A41E-27599EBBD9F6}
		{CACE8F61-2F1C-490F-8A2A-5AC4113CA8CD} = {0DE452F9-A32A-44DF-A41E-27599EBBD9F6}
		{24ECC99B-47B3-43BE-8869-C5691D5ACDC9} = {0DE452F9-A32A-44DF-A41E-27599EBBD9F6}
		{C2B85984-8D79-4E3A-B1ED-F5F86A813B20} = {0DE452F9-A32A-44DF-A41E-27599EBBD9F6}
		{6BF7A194-6591-4D21-9B39-0178531893EB} = {0DE452F9-A32A-44DF-A41E-27599EBBD9F6}
	EndGlobalSection
	GlobalSection(ExtensibilityGlobals) = postSolution
		SolutionGuid = {3546557B-E63C-436C-9785-56B125FCBE6A}
	EndGlobalSection
EndGlobal
